{
  "pins" : [
    {
      "identity" : "flagkit",
      "kind" : "remoteSourceControl",
      "location" : "https://github.com/madebybowtie/FlagKit",
      "state" : {
        "revision" : "f12111d91902d23fd1d9cc7ad9198030b049795d",
        "version" : "2.4.0"
      }
    },
    {
      "identity" : "r.swift",
      "kind" : "remoteSourceControl",
      "location" : "https://github.com/mac-cain13/R.swift.git",
      "state" : {
        "revision" : "a9abc6b0afe0fc4a5a71e1d7d2872143dff2d2f1",
        "version" : "7.8.0"
      }
    },
    {
      "identity" : "runtime",
      "kind" : "remoteSourceControl",
      "location" : "https://github.com/urlaunched-com/Runtime",
      "state" : {
        "revision" : "ea112a73f7a8772a92b125ceeaaf61f1844466bd",
        "version" : "2.2.6"
      }
    },
    {
      "identity" : "sdwebimage",
      "kind" : "remoteSourceControl",
      "location" : "https://github.com/SDWebImage/SDWebImage.git",
      "state" : {
        "revision" : "2de3a496eaf6df9a1312862adcfd54acd73c39c0",
        "version" : "5.21.7"
      }
    },
    {
      "identity" : "sdwebimageswiftui",
      "kind" : "remoteSourceControl",
      "location" : "https://github.com/SDWebImage/SDWebImageSwiftUI",
      "state" : {
        "revision" : "0e331457ca9af2f0b08bcaa138a91ffb907b004f",
        "version" : "3.1.4"
      }
    },
    {
      "identity" : "swift-argument-parser",
      "kind" : "remoteSourceControl",
      "location" : "https://github.com/apple/swift-argument-parser",
      "state" : {
        "revision" : "626b5b7b2f45e1b0b1c6f4a309296d1d21d7311b",
        "version" : "1.7.1"
      }
    },
    {
      "identity" : "swift-collections",
      "kind" : "remoteSourceControl",
      "location" : "https://github.com/apple/swift-collections",
      "state" : {
        "revision" : "6675bc0ff86e61436e615df6fc5174e043e57924",
        "version" : "1.4.1"
      }
    },
    {
      "identity" : "swift-custom-dump",
      "kind" : "remoteSourceControl",
      "location" : "https://github.com/pointfreeco/swift-custom-dump",
      "state" : {
        "revision" : "a8cd6c976f335ed361dcecddb0dc39ebda51bc3e",
        "version" : "1.6.1"
      }
    },
    {
      "identity" : "swift-snapshot-testing",
      "kind" : "remoteSourceControl",
      "location" : "https://github.com/pointfreeco/swift-snapshot-testing",
      "state" : {
        "revision" : "59a99c458de4d2dee580529b61b4f78dca7b7fa6",
        "version" : "1.19.4"
      }
    },
    {
      "identity" : "swift-syntax",
      "kind" : "remoteSourceControl",
      "location" : "https://github.com/swiftlang/swift-syntax",
      "state" : {
        "revision" : "79e4b74a295b6eb74a8b585e3a39d29e70c1dbd1",
        "version" : "603.0.2"
      }
    },
    {
      "identity" : "swiftfoundation",
      "kind" : "remoteSourceControl",
      "location" : "https://github.com/Maks-Jago/SwiftFoundation.git",
      "state" : {
        "revision" : "b03db4a15a9f77c78f69b02fb8c5469c477be31b",
        "version" : "0.4.1"
      }
    },
    {
      "identity" : "swiftui-snapshot-test-case",
      "kind" : "remoteSourceControl",
      "location" : "https://github.com/Maks-Jago/swiftui-snapshot-test-case",
      "state" : {
        "revision" : "1de718e676750e85ff0485d301e64593e6dc3921",
        "version" : "1.7.2"
      }
    },
    {
      "identity" : "swiftui-udf",
      "kind" : "remoteSourceControl",
      "location" : "https://github.com/Maks-Jago/SwiftUI-UDF",
      "state" : {
        "revision" : "c54927076a25f2275e1cc3975d71c429190267a8",
        "version" : "1.5.1-rc.1"
      }
    },
    {
      "identity" : "swiftuikit",
      "kind" : "remoteSourceControl",
      "location" : "https://github.com/Maks-Jago/SwiftUIKit",
      "state" : {
        "revision" : "49d867da40648159be659cea1eb019c90f9114b0",
        "version" : "0.6.5"
      }
    },
    {
      "identity" : "xcodeedit",
      "kind" : "remoteSourceControl",
      "location" : "https://github.com/tomlokhorst/XcodeEdit",
      "state" : {
        "revision" : "0e550cdee72844b35431afc3a1e176042be6d0f0",
        "version" : "2.13.0"
      }
    },
    {
      "identity" : "xctest-dynamic-overlay",
      "kind" : "remoteSourceControl",
      "location" : "https://github.com/pointfreeco/xctest-dynamic-overlay",
      "state" : {
        "revision" : "8f6abcf4c8950e2679d5b2fee4ca284fd7c34886",
        "version" : "1.11.0"
      }
    }
  ],
  "version" : 2
}
